<?xml version="1.0" encoding="utf-8"?>
<Project ToolsVersion="4.0" xmlns="http://schemas.microsoft.com/developer/msbuild/2003">
  <ItemGroup>
    <Filter Include="Source Files">
      <UniqueIdentifier>{4FC737F1-C7A5-4376-A066-2A32D752A2FF}</UniqueIdentifier>
      <Extensions>cpp;c;cc;cxx;def;odl;idl;hpj;bat;asm;asmx</Extensions>
    </Filter>
    <Filter Include="Header Files">
      <UniqueIdentifier>{93995380-89BD-4b04-88EB-625FBE52EBFB}</UniqueIdentifier>
      <Extensions>h;hh;hpp;hxx;hm;inl;inc;ipp;xsd</Extensions>
    </Filter>
    <Filter Include="Resource Files">
      <UniqueIdentifier>{67DA6AB6-F800-4c08-8B7A-83BB121AAD01}</UniqueIdentifier>
      <Extensions>rc;ico;cur;bmp;dlg;rc2;rct;bin;rgs;gif;jpg;jpeg;jpe;resx;tiff;tif;png;wav;mfcribbon-ms</Extensions>
    </Filter>
  </ItemGroup>
  <ItemGroup>
    <ClCompile Include="polimorfism_niancu99.cpp">
      <Filter>Source Files</Filter>
    </ClCompile>
    <ClCompile Include="Calatorie.cpp">
      <Filter>Source Files</Filter>
    </ClCompile>
    <ClCompile Include="Util.cpp">
      <Filter>Source Files</Filter>
    </ClCompile>
    <ClCompile Include="Avion.cpp">
      <Filter>Source Files</Filter>
    </ClCompile>
    <ClCompile Include="Bus.cpp">
      <Filter>Source Files</Filter>
    </ClCompile>
    <ClCompile Include="RepoFile.cpp">
      <Filter>Source Files</Filter>
    </ClCompile>
    <ClCompile Include="RepoTXT.cpp">
      <Filter>Source Files</Filter>
    </ClCompile>
    <ClCompile Include="RepoCSV.cpp">
      <Filter>Source Files</Filter>
    </ClCompile>
    <ClCompile Include="TestRepoFile.cpp">
      <Filter>Source Files</Filter>
    </ClCompile>
    <ClCompile Include="Utilizator.cpp">
      <Filter>Source Files</Filter>
    </ClCompile>
    <ClCompile Include="TestCalatorie.cpp">
      <Filter>Source Files</Filter>
    </ClCompile>
    <ClCompile Include="Service.cpp">
      <Filter>Source Files</Filter>
    </ClCompile>
    <ClCompile Include="TestService.cpp">
      <Filter>Source Files</Filter>
    </ClCompile>
    <ClCompile Include="ValidatorCalatorie.cpp">
      <Filter>Source Files</Filter>
    </ClCompile>
    <ClCompile Include="ValidatorBus.cpp">
      <Filter>Source Files</Filter>
    </ClCompile>
    <ClCompile Include="ValidatorAvion.cpp">
      <Filter>Source Files</Filter>
    </ClCompile>
    <ClCompile Include="TestValidatorCalatorie.cpp">
      <Filter>Source Files</Filter>
    </ClCompile>
    <ClCompile Include="UI.cpp">
      <Filter>Source Files</Filter>
    </ClCompile>
  </ItemGroup>
  <ItemGroup>
    <ClInclude Include="Calatorie.h">
      <Filter>Header Files</Filter>
    </ClInclude>
    <ClInclude Include="Util.h">
      <Filter>Header Files</Filter>
    </ClInclude>
    <ClInclude Include="Avion.h">
      <Filter>Header Files</Filter>
    </ClInclude>
    <ClInclude Include="Bus.h">
      <Filter>Header Files</Filter>
    </ClInclude>
    <ClInclude Include="RepoFile.h">
      <Filter>Header Files</Filter>
    </ClInclude>
    <ClInclude Include="RepoTXT.h">
      <Filter>Header Files</Filter>
    </ClInclude>
    <ClInclude Include="RepoCSV.h">
      <Filter>Header Files</Filter>
    </ClInclude>
    <ClInclude Include="TestRepoFile.h">
      <Filter>Header Files</Filter>
    </ClInclude>
    <ClInclude Include="Utilizator.h">
      <Filter>Header Files</Filter>
    </ClInclude>
    <ClInclude Include="TestCalatorie.h">
      <Filter>Header Files</Filter>
    </ClInclude>
    <ClInclude Include="RepoCustom.h">
      <Filter>Header Files</Filter>
    </ClInclude>
    <ClInclude Include="Service.h">
      <Filter>Header Files</Filter>
    </ClInclude>
    <ClInclude Include="TestService.h">
      <Filter>Header Files</Filter>
    </ClInclude>
    <ClInclude Include="RepoException.h">
      <Filter>Header Files</Filter>
    </ClInclude>
    <ClInclude Include="ValException.h">
      <Filter>Header Files</Filter>
    </ClInclude>
    <ClInclude Include="ValidatorCalatorie.h">
      <Filter>Header Files</Filter>
    </ClInclude>
    <ClInclude Include="ValidatorBus.h">
      <Filter>Header Files</Filter>
    </ClInclude>
    <ClInclude Include="ValidatorAvion.h">
      <Filter>Header Files</Filter>
    </ClInclude>
    <ClInclude Include="TestValidatorCalatorie.h">
      <Filter>Header Files</Filter>
    </ClInclude>
    <ClInclude Include="UI.h">
      <Filter>Header Files</Filter>
    </ClInclude>
  </ItemGroup>
  <ItemGroup>
    <Text Include="TestCalatorieIn.txt">
      <Filter>Resource Files</Filter>
    </Text>
    <Text Include="TestCalatorieOut.txt">
      <Filter>Resource Files</Filter>
    </Text>
    <Text Include="Calatorii.txt">
      <Filter>Resource Files</Filter>
    </Text>
    <Text Include="Useri.txt">
      <Filter>Resource Files</Filter>
    </Text>
  </ItemGroup>
  <ItemGroup>
    <None Include="TestCalatorieOut.csv">
      <Filter>Resource Files</Filter>
    </None>
    <None Include="TestCalatorieIn.csv">
      <Filter>Resource Files</Filter>
    </None>
    <None Include="Calatorii.csv">
      <Filter>Resource Files</Filter>
    </None>
  </ItemGroup>
</Project>